
Microsoft Visual Studio Solution File, Format Version 12.00
# Visual Studio 14
VisualStudioVersion = 14.0.24720.0
MinimumVisualStudioVersion = 10.0.40219.1
Project("{8BC9CEB8-8B4A-11D0-8D11-00A0C91BC942}") = "gbe", "gbe.vcxproj", "{F0B45121-A68A-40B1-9240-CCB78BA740DB}"
EndProject
Project("{8BC9CEB8-8B4A-11D0-8D11-00A0C91BC942}") = "Gb_Snd_Emu", "dep\Gb_Snd_Emu.vcxproj", "{BAC757B9-C0DB-411D-B534-A6BE0407FDF5}"
EndProject
Project("{8BC9CEB8-8B4A-11D0-8D11-00A0C91BC942}") = "hqx", "dep\hqx.vcxproj", "{41CD3C7B-1AD8-4FCE-8B38-8BEC000D80A6}"
EndProject
Project("{8BC9CEB8-8B4A-11D0-8D11-00A0C91BC942}") = "YBaseLib", "dep\YBaseLib\Source\YBaseLib.vcxproj", "{B56CE698-7300-4FA5-9609-942F1D05C5A2}"
EndProject
Project("{2150E333-8FDC-42A3-9474-1A3956D46DE8}") = "Dependancies", "Dependancies", "{5B25852E-5F48-4CD3-B0EB-150CE73A8920}"
EndProject
Project("{8BC9CEB8-8B4A-11D0-8D11-00A0C91BC942}") = "YRenderLib", "dep\YRenderLib\Source\YRenderLib\YRenderLib.vcxproj", "{4D8B1370-ECB8-463B-AB19-7800DBEF1A23}"
EndProject
Project("{8BC9CEB8-8B4A-11D0-8D11-00A0C91BC942}") = "YRenderLibD3D11Backend", "dep\YRenderLib\Source\YRenderLib\YRenderLibD3D11Backend.vcxproj", "{BA9004C7-4200-4A33-8638-20783B36E3BA}"
EndProject
Project("{8BC9CEB8-8B4A-11D0-8D11-00A0C91BC942}") = "YRenderLibImGui", "dep\YRenderLib\Source\YRenderLib\YRenderLibImGui.vcxproj", "{EFA5B850-F414-40B6-837E-AC6732F3B822}"
EndProject
Project("{8BC9CEB8-8B4A-11D0-8D11-00A0C91BC942}") = "YRenderLibShaderCompiler", "dep\YRenderLib\Source\YRenderLib\YRenderLibShaderCompiler.vcxproj", "{8228BC34-F9EC-4CDE-96F7-B671847B42F2}"
EndProject
Global
	GlobalSection(SolutionConfigurationPlatforms) = preSolution
		Debug|x64 = Debug|x64
		Debug|x86 = Debug|x86
		Release|x64 = Release|x64
		Release|x86 = Release|x86
	EndGlobalSection
	GlobalSection(ProjectConfigurationPlatforms) = postSolution
		{F0B45121-A68A-40B1-9240-CCB78BA740DB}.Debug|x64.ActiveCfg = Debug|Win32
		{F0B45121-A68A-40B1-9240-CCB78BA740DB}.Debug|x86.ActiveCfg = Debug|Win32
		{F0B45121-A68A-40B1-9240-CCB78BA740DB}.Debug|x86.Build.0 = Debug|Win32
		{F0B45121-A68A-40B1-9240-CCB78BA740DB}.Release|x64.ActiveCfg = Release|Win32
		{F0B45121-A68A-40B1-9240-CCB78BA740DB}.Release|x86.ActiveCfg = Release|Win32
		{F0B45121-A68A-40B1-9240-CCB78BA740DB}.Release|x86.Build.0 = Release|Win32
		{BAC757B9-C0DB-411D-B534-A6BE0407FDF5}.Debug|x64.ActiveCfg = Debug|Win32
		{BAC757B9-C0DB-411D-B534-A6BE0407FDF5}.Debug|x86.ActiveCfg = Debug|Win32
		{BAC757B9-C0DB-411D-B534-A6BE0407FDF5}.Debug|x86.Build.0 = Debug|Win32
		{BAC757B9-C0DB-411D-B534-A6BE0407FDF5}.Release|x64.ActiveCfg = Release|Win32
		{BAC757B9-C0DB-411D-B534-A6BE0407FDF5}.Release|x86.ActiveCfg = Release|Win32
		{BAC757B9-C0DB-411D-B534-A6BE0407FDF5}.Release|x86.Build.0 = Release|Win32
		{41CD3C7B-1AD8-4FCE-8B38-8BEC000D80A6}.Debug|x64.ActiveCfg = Debug|Win32
		{41CD3C7B-1AD8-4FCE-8B38-8BEC000D80A6}.Debug|x86.ActiveCfg = Debug|Win32
		{41CD3C7B-1AD8-4FCE-8B38-8BEC000D80A6}.Debug|x86.Build.0 = Debug|Win32
		{41CD3C7B-1AD8-4FCE-8B38-8BEC000D80A6}.Release|x64.ActiveCfg = Release|Win32
		{41CD3C7B-1AD8-4FCE-8B38-8BEC000D80A6}.Release|x86.ActiveCfg = Release|Win32
		{41CD3C7B-1AD8-4FCE-8B38-8BEC000D80A6}.Release|x86.Build.0 = Release|Win32
		{B56CE698-7300-4FA5-9609-942F1D05C5A2}.Debug|x64.ActiveCfg = Debug|x64
		{B56CE698-7300-4FA5-9609-942F1D05C5A2}.Debug|x64.Build.0 = Debug|x64
		{B56CE698-7300-4FA5-9609-942F1D05C5A2}.Debug|x86.ActiveCfg = Debug|Win32
		{B56CE698-7300-4FA5-9609-942F1D05C5A2}.Debug|x86.Build.0 = Debug|Win32
		{B56CE698-7300-4FA5-9609-942F1D05C5A2}.Release|x64.ActiveCfg = Release|x64
		{B56CE698-7300-4FA5-9609-942F1D05C5A2}.Release|x64.Build.0 = Release|x64
		{B56CE698-7300-4FA5-9609-942F1D05C5A2}.Release|x86.ActiveCfg = Release|Win32
		{B56CE698-7300-4FA5-9609-942F1D05C5A2}.Release|x86.Build.0 = Release|Win32
		{4D8B1370-ECB8-463B-AB19-7800DBEF1A23}.Debug|x64.ActiveCfg = Debug|x64
		{4D8B1370-ECB8-463B-AB19-7800DBEF1A23}.Debug|x64.Build.0 = Debug|x64
		{4D8B1370-ECB8-463B-AB19-7800DBEF1A23}.Debug|x86.ActiveCfg = Debug|Win32
		{4D8B1370-ECB8-463B-AB19-7800DBEF1A23}.Debug|x86.Build.0 = Debug|Win32
		{4D8B1370-ECB8-463B-AB19-7800DBEF1A23}.Release|x64.ActiveCfg = Release|x64
		{4D8B1370-ECB8-463B-AB19-7800DBEF1A23}.Release|x64.Build.0 = Release|x64
		{4D8B1370-ECB8-463B-AB19-7800DBEF1A23}.Release|x86.ActiveCfg = Release|Win32
		{4D8B1370-ECB8-463B-AB19-7800DBEF1A23}.Release|x86.Build.0 = Release|Win32
		{BA9004C7-4200-4A33-8638-20783B36E3BA}.Debug|x64.ActiveCfg = Debug|x64
		{BA9004C7-4200-4A33-8638-20783B36E3BA}.Debug|x64.Build.0 = Debug|x64
		{BA9004C7-4200-4A33-8638-20783B36E3BA}.Debug|x86.ActiveCfg = Debug|Win32
		{BA9004C7-4200-4A33-8638-20783B36E3BA}.Debug|x86.Build.0 = Debug|Win32
		{BA9004C7-4200-4A33-8638-20783B36E3BA}.Release|x64.ActiveCfg = Release|x64
		{BA9004C7-4200-4A33-8638-20783B36E3BA}.Release|x64.Build.0 = Release|x64
		{BA9004C7-4200-4A33-8638-20783B36E3BA}.Release|x86.ActiveCfg = Release|Win32
		{BA9004C7-4200-4A33-8638-20783B36E3BA}.Release|x86.Build.0 = Release|Win32
		{EFA5B850-F414-40B6-837E-AC6732F3B822}.Debug|x64.ActiveCfg = Debug|x64
		{EFA5B850-F414-40B6-837E-AC6732F3B822}.Debug|x64.Build.0 = Debug|x64
		{EFA5B850-F414-40B6-837E-AC6732F3B822}.Debug|x86.ActiveCfg = Debug|Win32
		{EFA5B850-F414-40B6-837E-AC6732F3B822}.Debug|x86.Build.0 = Debug|Win32
		{EFA5B850-F414-40B6-837E-AC6732F3B822}.Release|x64.ActiveCfg = Release|x64
		{EFA5B850-F414-40B6-837E-AC6732F3B822}.Release|x64.Build.0 = Release|x64
		{EFA5B850-F414-40B6-837E-AC6732F3B822}.Release|x86.ActiveCfg = Release|Win32
		{EFA5B850-F414-40B6-837E-AC6732F3B822}.Release|x86.Build.0 = Release|Win32
		{8228BC34-F9EC-4CDE-96F7-B671847B42F2}.Debug|x64.ActiveCfg = Debug|x64
		{8228BC34-F9EC-4CDE-96F7-B671847B42F2}.Debug|x64.Build.0 = Debug|x64
		{8228BC34-F9EC-4CDE-96F7-B671847B42F2}.Debug|x86.ActiveCfg = Debug|Win32
		{8228BC34-F9EC-4CDE-96F7-B671847B42F2}.Debug|x86.Build.0 = Debug|Win32
		{8228BC34-F9EC-4CDE-96F7-B671847B42F2}.Release|x64.ActiveCfg = Release|x64
		{8228BC34-F9EC-4CDE-96F7-B671847B42F2}.Release|x64.Build.0 = Release|x64
		{8228BC34-F9EC-4CDE-96F7-B671847B42F2}.Release|x86.ActiveCfg = Release|Win32
		{8228BC34-F9EC-4CDE-96F7-B671847B42F2}.Release|x86.Build.0 = Release|Win32
	EndGlobalSection
	GlobalSection(SolutionProperties) = preSolution
		HideSolutionNode = FALSE
	EndGlobalSection
	GlobalSection(NestedProjects) = preSolution
		{BAC757B9-C0DB-411D-B534-A6BE0407FDF5} = {5B25852E-5F48-4CD3-B0EB-150CE73A8920}
		{B56CE698-7300-4FA5-9609-942F1D05C5A2} = {5B25852E-5F48-4CD3-B0EB-150CE73A8920}
		{4D8B1370-ECB8-463B-AB19-7800DBEF1A23} = {5B25852E-5F48-4CD3-B0EB-150CE73A8920}
		{BA9004C7-4200-4A33-8638-20783B36E3BA} = {5B25852E-5F48-4CD3-B0EB-150CE73A8920}
		{EFA5B850-F414-40B6-837E-AC6732F3B822} = {5B25852E-5F48-4CD3-B0EB-150CE73A8920}
		{8228BC34-F9EC-4CDE-96F7-B671847B42F2} = {5B25852E-5F48-4CD3-B0EB-150CE73A8920}
	EndGlobalSection
EndGlobal
