
Microsoft Visual Studio Solution File, Format Version 12.00
# Visual Studio 14
VisualStudioVersion = 14.0.23107.0
MinimumVisualStudioVersion = 10.0.40219.1
Project("{8BC9CEB8-8B4A-11D0-8D11-00A0C91BC942}") = "gbe", "gbe.vcxproj", "{F0B45121-A68A-40B1-9240-CCB78BA740DB}"
EndProject
Project("{8BC9CEB8-8B4A-11D0-8D11-00A0C91BC942}") = "YBaseLib", "dep\YBaseLib.vcxproj", "{D05B6E35-3C9F-45FC-B294-EF56D3DA7EAF}"
EndProject
Project("{8BC9CEB8-8B4A-11D0-8D11-00A0C91BC942}") = "Gb_Snd_Emu", "dep\Gb_Snd_Emu.vcxproj", "{BAC757B9-C0DB-411D-B534-A6BE0407FDF5}"
EndProject
Global
	GlobalSection(SolutionConfigurationPlatforms) = preSolution
		Debug|x86 = Debug|x86
		Release|x86 = Release|x86
	EndGlobalSection
	GlobalSection(ProjectConfigurationPlatforms) = postSolution
		{F0B45121-A68A-40B1-9240-CCB78BA740DB}.Debug|x86.ActiveCfg = Debug|Win32
		{F0B45121-A68A-40B1-9240-CCB78BA740DB}.Debug|x86.Build.0 = Debug|Win32
		{F0B45121-A68A-40B1-9240-CCB78BA740DB}.Release|x86.ActiveCfg = Release|Win32
		{F0B45121-A68A-40B1-9240-CCB78BA740DB}.Release|x86.Build.0 = Release|Win32
		{D05B6E35-3C9F-45FC-B294-EF56D3DA7EAF}.Debug|x86.ActiveCfg = Debug|Win32
		{D05B6E35-3C9F-45FC-B294-EF56D3DA7EAF}.Debug|x86.Build.0 = Debug|Win32
		{D05B6E35-3C9F-45FC-B294-EF56D3DA7EAF}.Release|x86.ActiveCfg = Release|Win32
		{D05B6E35-3C9F-45FC-B294-EF56D3DA7EAF}.Release|x86.Build.0 = Release|Win32
		{BAC757B9-C0DB-411D-B534-A6BE0407FDF5}.Debug|x86.ActiveCfg = Debug|Win32
		{BAC757B9-C0DB-411D-B534-A6BE0407FDF5}.Debug|x86.Build.0 = Debug|Win32
		{BAC757B9-C0DB-411D-B534-A6BE0407FDF5}.Release|x86.ActiveCfg = Release|Win32
		{BAC757B9-C0DB-411D-B534-A6BE0407FDF5}.Release|x86.Build.0 = Release|Win32
	EndGlobalSection
	GlobalSection(SolutionProperties) = preSolution
		HideSolutionNode = FALSE
	EndGlobalSection
EndGlobal
