
Microsoft Visual Studio Solution File, Format Version 12.00
# Visual Studio Version 17
VisualStudioVersion = 17.1.32319.34
MinimumVisualStudioVersion = 10.0.40219.1
Project("{8BC9CEB8-8B4A-11D0-8D11-00A0C91BC942}") = "scmversion", "src\scmversion\scmversion.vcxproj", "{075CED82-6A20-46DF-94C7-9624AC9DDBEB}"
EndProject
Project("{8BC9CEB8-8B4A-11D0-8D11-00A0C91BC942}") = "core", "src\core\core.vcxproj", "{A633F111-A127-4541-B319-C0AA447D9826}"
EndProject
Project("{8BC9CEB8-8B4A-11D0-8D11-00A0C91BC942}") = "Gb_Snd_Emu", "src\Gb_Snd_Emu\Gb_Snd_Emu.vcxproj", "{994E40DF-F575-4A8B-A965-BFA7661AB7F7}"
EndProject
Project("{8BC9CEB8-8B4A-11D0-8D11-00A0C91BC942}") = "common", "src\common\common.vcxproj", "{EE054E08-3799-4A59-A422-18259C105FFD}"
EndProject
Project("{2150E333-8FDC-42A3-9474-1A3956D46DE8}") = "Dependencies", "Dependencies", "{02EA681E-C7D8-13C7-8484-4AC65E1B71E8}"
EndProject
Project("{8BC9CEB8-8B4A-11D0-8D11-00A0C91BC942}") = "fmt", "dep\fmt\fmt.vcxproj", "{8BE398E6-B882-4248-9065-FECC8728E038}"
EndProject
Global
	GlobalSection(SolutionConfigurationPlatforms) = preSolution
		Debug|ARM64 = Debug|ARM64
		Debug|x64 = Debug|x64
		Debug-Clang|ARM64 = Debug-Clang|ARM64
		Debug-Clang|x64 = Debug-Clang|x64
		Debug-Clang-SSE2|ARM64 = Debug-Clang-SSE2|ARM64
		Debug-Clang-SSE2|x64 = Debug-Clang-SSE2|x64
		DebugFast|ARM64 = DebugFast|ARM64
		DebugFast|x64 = DebugFast|x64
		DebugFast-Clang|ARM64 = DebugFast-Clang|ARM64
		DebugFast-Clang|x64 = DebugFast-Clang|x64
		Devel-Clang|ARM64 = Devel-Clang|ARM64
		Devel-Clang|x64 = Devel-Clang|x64
		Release|ARM64 = Release|ARM64
		Release|x64 = Release|x64
		Release-Clang|ARM64 = Release-Clang|ARM64
		Release-Clang|x64 = Release-Clang|x64
		ReleaseLTCG|ARM64 = ReleaseLTCG|ARM64
		ReleaseLTCG|x64 = ReleaseLTCG|x64
		ReleaseLTCG-Clang|ARM64 = ReleaseLTCG-Clang|ARM64
		ReleaseLTCG-Clang|x64 = ReleaseLTCG-Clang|x64
		ReleaseLTCG-Clang-SSE2|ARM64 = ReleaseLTCG-Clang-SSE2|ARM64
		ReleaseLTCG-Clang-SSE2|x64 = ReleaseLTCG-Clang-SSE2|x64
	EndGlobalSection
	GlobalSection(ProjectConfigurationPlatforms) = postSolution
		{075CED82-6A20-46DF-94C7-9624AC9DDBEB}.Debug|ARM64.ActiveCfg = Debug-Clang|ARM64
		{075CED82-6A20-46DF-94C7-9624AC9DDBEB}.Debug|x64.ActiveCfg = Debug|x64
		{075CED82-6A20-46DF-94C7-9624AC9DDBEB}.Debug|x64.Build.0 = Debug|x64
		{075CED82-6A20-46DF-94C7-9624AC9DDBEB}.Debug-Clang|ARM64.ActiveCfg = Debug-Clang|ARM64
		{075CED82-6A20-46DF-94C7-9624AC9DDBEB}.Debug-Clang|ARM64.Build.0 = Debug-Clang|ARM64
		{075CED82-6A20-46DF-94C7-9624AC9DDBEB}.Debug-Clang|x64.ActiveCfg = Debug-Clang|x64
		{075CED82-6A20-46DF-94C7-9624AC9DDBEB}.Debug-Clang|x64.Build.0 = Debug-Clang|x64
		{075CED82-6A20-46DF-94C7-9624AC9DDBEB}.Debug-Clang-SSE2|ARM64.ActiveCfg = Debug-Clang|ARM64
		{075CED82-6A20-46DF-94C7-9624AC9DDBEB}.Debug-Clang-SSE2|x64.ActiveCfg = Debug-Clang-SSE2|x64
		{075CED82-6A20-46DF-94C7-9624AC9DDBEB}.Debug-Clang-SSE2|x64.Build.0 = Debug-Clang-SSE2|x64
		{075CED82-6A20-46DF-94C7-9624AC9DDBEB}.DebugFast|ARM64.ActiveCfg = DebugFast-Clang|ARM64
		{075CED82-6A20-46DF-94C7-9624AC9DDBEB}.DebugFast|x64.ActiveCfg = DebugFast|x64
		{075CED82-6A20-46DF-94C7-9624AC9DDBEB}.DebugFast|x64.Build.0 = DebugFast|x64
		{075CED82-6A20-46DF-94C7-9624AC9DDBEB}.DebugFast-Clang|ARM64.ActiveCfg = DebugFast-Clang|ARM64
		{075CED82-6A20-46DF-94C7-9624AC9DDBEB}.DebugFast-Clang|ARM64.Build.0 = DebugFast-Clang|ARM64
		{075CED82-6A20-46DF-94C7-9624AC9DDBEB}.DebugFast-Clang|x64.ActiveCfg = DebugFast-Clang|x64
		{075CED82-6A20-46DF-94C7-9624AC9DDBEB}.DebugFast-Clang|x64.Build.0 = DebugFast-Clang|x64
		{075CED82-6A20-46DF-94C7-9624AC9DDBEB}.Devel-Clang|ARM64.ActiveCfg = Devel-Clang|ARM64
		{075CED82-6A20-46DF-94C7-9624AC9DDBEB}.Devel-Clang|ARM64.Build.0 = Devel-Clang|ARM64
		{075CED82-6A20-46DF-94C7-9624AC9DDBEB}.Devel-Clang|x64.ActiveCfg = Devel-Clang|x64
		{075CED82-6A20-46DF-94C7-9624AC9DDBEB}.Devel-Clang|x64.Build.0 = Devel-Clang|x64
		{075CED82-6A20-46DF-94C7-9624AC9DDBEB}.Release|ARM64.ActiveCfg = Release-Clang|ARM64
		{075CED82-6A20-46DF-94C7-9624AC9DDBEB}.Release|x64.ActiveCfg = Release|x64
		{075CED82-6A20-46DF-94C7-9624AC9DDBEB}.Release|x64.Build.0 = Release|x64
		{075CED82-6A20-46DF-94C7-9624AC9DDBEB}.Release-Clang|ARM64.ActiveCfg = Release-Clang|ARM64
		{075CED82-6A20-46DF-94C7-9624AC9DDBEB}.Release-Clang|ARM64.Build.0 = Release-Clang|ARM64
		{075CED82-6A20-46DF-94C7-9624AC9DDBEB}.Release-Clang|x64.ActiveCfg = Release-Clang|x64
		{075CED82-6A20-46DF-94C7-9624AC9DDBEB}.Release-Clang|x64.Build.0 = Release-Clang|x64
		{075CED82-6A20-46DF-94C7-9624AC9DDBEB}.ReleaseLTCG|ARM64.ActiveCfg = ReleaseLTCG-Clang|ARM64
		{075CED82-6A20-46DF-94C7-9624AC9DDBEB}.ReleaseLTCG|x64.ActiveCfg = ReleaseLTCG|x64
		{075CED82-6A20-46DF-94C7-9624AC9DDBEB}.ReleaseLTCG|x64.Build.0 = ReleaseLTCG|x64
		{075CED82-6A20-46DF-94C7-9624AC9DDBEB}.ReleaseLTCG-Clang|ARM64.ActiveCfg = ReleaseLTCG-Clang|ARM64
		{075CED82-6A20-46DF-94C7-9624AC9DDBEB}.ReleaseLTCG-Clang|ARM64.Build.0 = ReleaseLTCG-Clang|ARM64
		{075CED82-6A20-46DF-94C7-9624AC9DDBEB}.ReleaseLTCG-Clang|x64.ActiveCfg = ReleaseLTCG-Clang|x64
		{075CED82-6A20-46DF-94C7-9624AC9DDBEB}.ReleaseLTCG-Clang|x64.Build.0 = ReleaseLTCG-Clang|x64
		{075CED82-6A20-46DF-94C7-9624AC9DDBEB}.ReleaseLTCG-Clang-SSE2|ARM64.ActiveCfg = ReleaseLTCG-Clang|ARM64
		{075CED82-6A20-46DF-94C7-9624AC9DDBEB}.ReleaseLTCG-Clang-SSE2|x64.ActiveCfg = ReleaseLTCG-Clang-SSE2|x64
		{075CED82-6A20-46DF-94C7-9624AC9DDBEB}.ReleaseLTCG-Clang-SSE2|x64.Build.0 = ReleaseLTCG-Clang-SSE2|x64
		{A633F111-A127-4541-B319-C0AA447D9826}.Debug|ARM64.ActiveCfg = Debug|x64
		{A633F111-A127-4541-B319-C0AA447D9826}.Debug|ARM64.Build.0 = Debug|x64
		{A633F111-A127-4541-B319-C0AA447D9826}.Debug|x64.ActiveCfg = Debug|x64
		{A633F111-A127-4541-B319-C0AA447D9826}.Debug|x64.Build.0 = Debug|x64
		{A633F111-A127-4541-B319-C0AA447D9826}.Debug-Clang|ARM64.ActiveCfg = Debug-Clang|ARM64
		{A633F111-A127-4541-B319-C0AA447D9826}.Debug-Clang|ARM64.Build.0 = Debug-Clang|ARM64
		{A633F111-A127-4541-B319-C0AA447D9826}.Debug-Clang|x64.ActiveCfg = Debug-Clang|x64
		{A633F111-A127-4541-B319-C0AA447D9826}.Debug-Clang|x64.Build.0 = Debug-Clang|x64
		{A633F111-A127-4541-B319-C0AA447D9826}.Debug-Clang-SSE2|ARM64.ActiveCfg = Debug-Clang-SSE2|x64
		{A633F111-A127-4541-B319-C0AA447D9826}.Debug-Clang-SSE2|ARM64.Build.0 = Debug-Clang-SSE2|x64
		{A633F111-A127-4541-B319-C0AA447D9826}.Debug-Clang-SSE2|x64.ActiveCfg = Debug-Clang-SSE2|x64
		{A633F111-A127-4541-B319-C0AA447D9826}.Debug-Clang-SSE2|x64.Build.0 = Debug-Clang-SSE2|x64
		{A633F111-A127-4541-B319-C0AA447D9826}.DebugFast|ARM64.ActiveCfg = DebugFast|x64
		{A633F111-A127-4541-B319-C0AA447D9826}.DebugFast|ARM64.Build.0 = DebugFast|x64
		{A633F111-A127-4541-B319-C0AA447D9826}.DebugFast|x64.ActiveCfg = DebugFast|x64
		{A633F111-A127-4541-B319-C0AA447D9826}.DebugFast|x64.Build.0 = DebugFast|x64
		{A633F111-A127-4541-B319-C0AA447D9826}.DebugFast-Clang|ARM64.ActiveCfg = DebugFast-Clang|ARM64
		{A633F111-A127-4541-B319-C0AA447D9826}.DebugFast-Clang|ARM64.Build.0 = DebugFast-Clang|ARM64
		{A633F111-A127-4541-B319-C0AA447D9826}.DebugFast-Clang|x64.ActiveCfg = DebugFast-Clang|x64
		{A633F111-A127-4541-B319-C0AA447D9826}.DebugFast-Clang|x64.Build.0 = DebugFast-Clang|x64
		{A633F111-A127-4541-B319-C0AA447D9826}.Devel-Clang|ARM64.ActiveCfg = Devel-Clang|ARM64
		{A633F111-A127-4541-B319-C0AA447D9826}.Devel-Clang|ARM64.Build.0 = Devel-Clang|ARM64
		{A633F111-A127-4541-B319-C0AA447D9826}.Devel-Clang|x64.ActiveCfg = Devel-Clang|x64
		{A633F111-A127-4541-B319-C0AA447D9826}.Devel-Clang|x64.Build.0 = Devel-Clang|x64
		{A633F111-A127-4541-B319-C0AA447D9826}.Release|ARM64.ActiveCfg = Release|x64
		{A633F111-A127-4541-B319-C0AA447D9826}.Release|ARM64.Build.0 = Release|x64
		{A633F111-A127-4541-B319-C0AA447D9826}.Release|x64.ActiveCfg = Release|x64
		{A633F111-A127-4541-B319-C0AA447D9826}.Release|x64.Build.0 = Release|x64
		{A633F111-A127-4541-B319-C0AA447D9826}.Release-Clang|ARM64.ActiveCfg = Release-Clang|ARM64
		{A633F111-A127-4541-B319-C0AA447D9826}.Release-Clang|ARM64.Build.0 = Release-Clang|ARM64
		{A633F111-A127-4541-B319-C0AA447D9826}.Release-Clang|x64.ActiveCfg = Release-Clang|x64
		{A633F111-A127-4541-B319-C0AA447D9826}.Release-Clang|x64.Build.0 = Release-Clang|x64
		{A633F111-A127-4541-B319-C0AA447D9826}.ReleaseLTCG|ARM64.ActiveCfg = ReleaseLTCG|x64
		{A633F111-A127-4541-B319-C0AA447D9826}.ReleaseLTCG|ARM64.Build.0 = ReleaseLTCG|x64
		{A633F111-A127-4541-B319-C0AA447D9826}.ReleaseLTCG|x64.ActiveCfg = ReleaseLTCG|x64
		{A633F111-A127-4541-B319-C0AA447D9826}.ReleaseLTCG|x64.Build.0 = ReleaseLTCG|x64
		{A633F111-A127-4541-B319-C0AA447D9826}.ReleaseLTCG-Clang|ARM64.ActiveCfg = ReleaseLTCG-Clang|ARM64
		{A633F111-A127-4541-B319-C0AA447D9826}.ReleaseLTCG-Clang|ARM64.Build.0 = ReleaseLTCG-Clang|ARM64
		{A633F111-A127-4541-B319-C0AA447D9826}.ReleaseLTCG-Clang|x64.ActiveCfg = ReleaseLTCG-Clang|x64
		{A633F111-A127-4541-B319-C0AA447D9826}.ReleaseLTCG-Clang|x64.Build.0 = ReleaseLTCG-Clang|x64
		{A633F111-A127-4541-B319-C0AA447D9826}.ReleaseLTCG-Clang-SSE2|ARM64.ActiveCfg = ReleaseLTCG-Clang-SSE2|x64
		{A633F111-A127-4541-B319-C0AA447D9826}.ReleaseLTCG-Clang-SSE2|ARM64.Build.0 = ReleaseLTCG-Clang-SSE2|x64
		{A633F111-A127-4541-B319-C0AA447D9826}.ReleaseLTCG-Clang-SSE2|x64.ActiveCfg = ReleaseLTCG-Clang-SSE2|x64
		{A633F111-A127-4541-B319-C0AA447D9826}.ReleaseLTCG-Clang-SSE2|x64.Build.0 = ReleaseLTCG-Clang-SSE2|x64
		{994E40DF-F575-4A8B-A965-BFA7661AB7F7}.Debug|ARM64.ActiveCfg = Debug|x64
		{994E40DF-F575-4A8B-A965-BFA7661AB7F7}.Debug|ARM64.Build.0 = Debug|x64
		{994E40DF-F575-4A8B-A965-BFA7661AB7F7}.Debug|x64.ActiveCfg = Debug|x64
		{994E40DF-F575-4A8B-A965-BFA7661AB7F7}.Debug|x64.Build.0 = Debug|x64
		{994E40DF-F575-4A8B-A965-BFA7661AB7F7}.Debug-Clang|ARM64.ActiveCfg = Debug-Clang|ARM64
		{994E40DF-F575-4A8B-A965-BFA7661AB7F7}.Debug-Clang|ARM64.Build.0 = Debug-Clang|ARM64
		{994E40DF-F575-4A8B-A965-BFA7661AB7F7}.Debug-Clang|x64.ActiveCfg = Debug-Clang|x64
		{994E40DF-F575-4A8B-A965-BFA7661AB7F7}.Debug-Clang|x64.Build.0 = Debug-Clang|x64
		{994E40DF-F575-4A8B-A965-BFA7661AB7F7}.Debug-Clang-SSE2|ARM64.ActiveCfg = Debug-Clang-SSE2|x64
		{994E40DF-F575-4A8B-A965-BFA7661AB7F7}.Debug-Clang-SSE2|ARM64.Build.0 = Debug-Clang-SSE2|x64
		{994E40DF-F575-4A8B-A965-BFA7661AB7F7}.Debug-Clang-SSE2|x64.ActiveCfg = Debug-Clang-SSE2|x64
		{994E40DF-F575-4A8B-A965-BFA7661AB7F7}.Debug-Clang-SSE2|x64.Build.0 = Debug-Clang-SSE2|x64
		{994E40DF-F575-4A8B-A965-BFA7661AB7F7}.DebugFast|ARM64.ActiveCfg = DebugFast|x64
		{994E40DF-F575-4A8B-A965-BFA7661AB7F7}.DebugFast|ARM64.Build.0 = DebugFast|x64
		{994E40DF-F575-4A8B-A965-BFA7661AB7F7}.DebugFast|x64.ActiveCfg = DebugFast|x64
		{994E40DF-F575-4A8B-A965-BFA7661AB7F7}.DebugFast|x64.Build.0 = DebugFast|x64
		{994E40DF-F575-4A8B-A965-BFA7661AB7F7}.DebugFast-Clang|ARM64.ActiveCfg = DebugFast-Clang|ARM64
		{994E40DF-F575-4A8B-A965-BFA7661AB7F7}.DebugFast-Clang|ARM64.Build.0 = DebugFast-Clang|ARM64
		{994E40DF-F575-4A8B-A965-BFA7661AB7F7}.DebugFast-Clang|x64.ActiveCfg = DebugFast-Clang|x64
		{994E40DF-F575-4A8B-A965-BFA7661AB7F7}.DebugFast-Clang|x64.Build.0 = DebugFast-Clang|x64
		{994E40DF-F575-4A8B-A965-BFA7661AB7F7}.Devel-Clang|ARM64.ActiveCfg = Devel-Clang|ARM64
		{994E40DF-F575-4A8B-A965-BFA7661AB7F7}.Devel-Clang|ARM64.Build.0 = Devel-Clang|ARM64
		{994E40DF-F575-4A8B-A965-BFA7661AB7F7}.Devel-Clang|x64.ActiveCfg = Devel-Clang|x64
		{994E40DF-F575-4A8B-A965-BFA7661AB7F7}.Devel-Clang|x64.Build.0 = Devel-Clang|x64
		{994E40DF-F575-4A8B-A965-BFA7661AB7F7}.Release|ARM64.ActiveCfg = Release|x64
		{994E40DF-F575-4A8B-A965-BFA7661AB7F7}.Release|ARM64.Build.0 = Release|x64
		{994E40DF-F575-4A8B-A965-BFA7661AB7F7}.Release|x64.ActiveCfg = Release|x64
		{994E40DF-F575-4A8B-A965-BFA7661AB7F7}.Release|x64.Build.0 = Release|x64
		{994E40DF-F575-4A8B-A965-BFA7661AB7F7}.Release-Clang|ARM64.ActiveCfg = Release-Clang|ARM64
		{994E40DF-F575-4A8B-A965-BFA7661AB7F7}.Release-Clang|ARM64.Build.0 = Release-Clang|ARM64
		{994E40DF-F575-4A8B-A965-BFA7661AB7F7}.Release-Clang|x64.ActiveCfg = Release-Clang|x64
		{994E40DF-F575-4A8B-A965-BFA7661AB7F7}.Release-Clang|x64.Build.0 = Release-Clang|x64
		{994E40DF-F575-4A8B-A965-BFA7661AB7F7}.ReleaseLTCG|ARM64.ActiveCfg = ReleaseLTCG|x64
		{994E40DF-F575-4A8B-A965-BFA7661AB7F7}.ReleaseLTCG|ARM64.Build.0 = ReleaseLTCG|x64
		{994E40DF-F575-4A8B-A965-BFA7661AB7F7}.ReleaseLTCG|x64.ActiveCfg = ReleaseLTCG|x64
		{994E40DF-F575-4A8B-A965-BFA7661AB7F7}.ReleaseLTCG|x64.Build.0 = ReleaseLTCG|x64
		{994E40DF-F575-4A8B-A965-BFA7661AB7F7}.ReleaseLTCG-Clang|ARM64.ActiveCfg = ReleaseLTCG-Clang|ARM64
		{994E40DF-F575-4A8B-A965-BFA7661AB7F7}.ReleaseLTCG-Clang|ARM64.Build.0 = ReleaseLTCG-Clang|ARM64
		{994E40DF-F575-4A8B-A965-BFA7661AB7F7}.ReleaseLTCG-Clang|x64.ActiveCfg = ReleaseLTCG-Clang|x64
		{994E40DF-F575-4A8B-A965-BFA7661AB7F7}.ReleaseLTCG-Clang|x64.Build.0 = ReleaseLTCG-Clang|x64
		{994E40DF-F575-4A8B-A965-BFA7661AB7F7}.ReleaseLTCG-Clang-SSE2|ARM64.ActiveCfg = ReleaseLTCG-Clang-SSE2|x64
		{994E40DF-F575-4A8B-A965-BFA7661AB7F7}.ReleaseLTCG-Clang-SSE2|ARM64.Build.0 = ReleaseLTCG-Clang-SSE2|x64
		{994E40DF-F575-4A8B-A965-BFA7661AB7F7}.ReleaseLTCG-Clang-SSE2|x64.ActiveCfg = ReleaseLTCG-Clang-SSE2|x64
		{994E40DF-F575-4A8B-A965-BFA7661AB7F7}.ReleaseLTCG-Clang-SSE2|x64.Build.0 = ReleaseLTCG-Clang-SSE2|x64
		{EE054E08-3799-4A59-A422-18259C105FFD}.Debug|ARM64.ActiveCfg = Debug|x64
		{EE054E08-3799-4A59-A422-18259C105FFD}.Debug|ARM64.Build.0 = Debug|x64
		{EE054E08-3799-4A59-A422-18259C105FFD}.Debug|x64.ActiveCfg = Debug|x64
		{EE054E08-3799-4A59-A422-18259C105FFD}.Debug|x64.Build.0 = Debug|x64
		{EE054E08-3799-4A59-A422-18259C105FFD}.Debug-Clang|ARM64.ActiveCfg = Debug-Clang|ARM64
		{EE054E08-3799-4A59-A422-18259C105FFD}.Debug-Clang|ARM64.Build.0 = Debug-Clang|ARM64
		{EE054E08-3799-4A59-A422-18259C105FFD}.Debug-Clang|x64.ActiveCfg = Debug-Clang|x64
		{EE054E08-3799-4A59-A422-18259C105FFD}.Debug-Clang|x64.Build.0 = Debug-Clang|x64
		{EE054E08-3799-4A59-A422-18259C105FFD}.Debug-Clang-SSE2|ARM64.ActiveCfg = Debug-Clang-SSE2|x64
		{EE054E08-3799-4A59-A422-18259C105FFD}.Debug-Clang-SSE2|ARM64.Build.0 = Debug-Clang-SSE2|x64
		{EE054E08-3799-4A59-A422-18259C105FFD}.Debug-Clang-SSE2|x64.ActiveCfg = Debug-Clang-SSE2|x64
		{EE054E08-3799-4A59-A422-18259C105FFD}.Debug-Clang-SSE2|x64.Build.0 = Debug-Clang-SSE2|x64
		{EE054E08-3799-4A59-A422-18259C105FFD}.DebugFast|ARM64.ActiveCfg = DebugFast|x64
		{EE054E08-3799-4A59-A422-18259C105FFD}.DebugFast|ARM64.Build.0 = DebugFast|x64
		{EE054E08-3799-4A59-A422-18259C105FFD}.DebugFast|x64.ActiveCfg = DebugFast|x64
		{EE054E08-3799-4A59-A422-18259C105FFD}.DebugFast|x64.Build.0 = DebugFast|x64
		{EE054E08-3799-4A59-A422-18259C105FFD}.DebugFast-Clang|ARM64.ActiveCfg = DebugFast-Clang|ARM64
		{EE054E08-3799-4A59-A422-18259C105FFD}.DebugFast-Clang|ARM64.Build.0 = DebugFast-Clang|ARM64
		{EE054E08-3799-4A59-A422-18259C105FFD}.DebugFast-Clang|x64.ActiveCfg = DebugFast-Clang|x64
		{EE054E08-3799-4A59-A422-18259C105FFD}.DebugFast-Clang|x64.Build.0 = DebugFast-Clang|x64
		{EE054E08-3799-4A59-A422-18259C105FFD}.Devel-Clang|ARM64.ActiveCfg = Devel-Clang|ARM64
		{EE054E08-3799-4A59-A422-18259C105FFD}.Devel-Clang|ARM64.Build.0 = Devel-Clang|ARM64
		{EE054E08-3799-4A59-A422-18259C105FFD}.Devel-Clang|x64.ActiveCfg = Devel-Clang|x64
		{EE054E08-3799-4A59-A422-18259C105FFD}.Devel-Clang|x64.Build.0 = Devel-Clang|x64
		{EE054E08-3799-4A59-A422-18259C105FFD}.Release|ARM64.ActiveCfg = Release|x64
		{EE054E08-3799-4A59-A422-18259C105FFD}.Release|ARM64.Build.0 = Release|x64
		{EE054E08-3799-4A59-A422-18259C105FFD}.Release|x64.ActiveCfg = Release|x64
		{EE054E08-3799-4A59-A422-18259C105FFD}.Release|x64.Build.0 = Release|x64
		{EE054E08-3799-4A59-A422-18259C105FFD}.Release-Clang|ARM64.ActiveCfg = Release-Clang|ARM64
		{EE054E08-3799-4A59-A422-18259C105FFD}.Release-Clang|ARM64.Build.0 = Release-Clang|ARM64
		{EE054E08-3799-4A59-A422-18259C105FFD}.Release-Clang|x64.ActiveCfg = Release-Clang|x64
		{EE054E08-3799-4A59-A422-18259C105FFD}.Release-Clang|x64.Build.0 = Release-Clang|x64
		{EE054E08-3799-4A59-A422-18259C105FFD}.ReleaseLTCG|ARM64.ActiveCfg = ReleaseLTCG|x64
		{EE054E08-3799-4A59-A422-18259C105FFD}.ReleaseLTCG|ARM64.Build.0 = ReleaseLTCG|x64
		{EE054E08-3799-4A59-A422-18259C105FFD}.ReleaseLTCG|x64.ActiveCfg = ReleaseLTCG|x64
		{EE054E08-3799-4A59-A422-18259C105FFD}.ReleaseLTCG|x64.Build.0 = ReleaseLTCG|x64
		{EE054E08-3799-4A59-A422-18259C105FFD}.ReleaseLTCG-Clang|ARM64.ActiveCfg = ReleaseLTCG-Clang|ARM64
		{EE054E08-3799-4A59-A422-18259C105FFD}.ReleaseLTCG-Clang|ARM64.Build.0 = ReleaseLTCG-Clang|ARM64
		{EE054E08-3799-4A59-A422-18259C105FFD}.ReleaseLTCG-Clang|x64.ActiveCfg = ReleaseLTCG-Clang|x64
		{EE054E08-3799-4A59-A422-18259C105FFD}.ReleaseLTCG-Clang|x64.Build.0 = ReleaseLTCG-Clang|x64
		{EE054E08-3799-4A59-A422-18259C105FFD}.ReleaseLTCG-Clang-SSE2|ARM64.ActiveCfg = ReleaseLTCG-Clang-SSE2|x64
		{EE054E08-3799-4A59-A422-18259C105FFD}.ReleaseLTCG-Clang-SSE2|ARM64.Build.0 = ReleaseLTCG-Clang-SSE2|x64
		{EE054E08-3799-4A59-A422-18259C105FFD}.ReleaseLTCG-Clang-SSE2|x64.ActiveCfg = ReleaseLTCG-Clang-SSE2|x64
		{EE054E08-3799-4A59-A422-18259C105FFD}.ReleaseLTCG-Clang-SSE2|x64.Build.0 = ReleaseLTCG-Clang-SSE2|x64
		{8BE398E6-B882-4248-9065-FECC8728E038}.Debug|ARM64.ActiveCfg = Debug|x64
		{8BE398E6-B882-4248-9065-FECC8728E038}.Debug|ARM64.Build.0 = Debug|x64
		{8BE398E6-B882-4248-9065-FECC8728E038}.Debug|x64.ActiveCfg = Debug|x64
		{8BE398E6-B882-4248-9065-FECC8728E038}.Debug|x64.Build.0 = Debug|x64
		{8BE398E6-B882-4248-9065-FECC8728E038}.Debug-Clang|ARM64.ActiveCfg = Debug-Clang|ARM64
		{8BE398E6-B882-4248-9065-FECC8728E038}.Debug-Clang|ARM64.Build.0 = Debug-Clang|ARM64
		{8BE398E6-B882-4248-9065-FECC8728E038}.Debug-Clang|x64.ActiveCfg = Debug-Clang|x64
		{8BE398E6-B882-4248-9065-FECC8728E038}.Debug-Clang|x64.Build.0 = Debug-Clang|x64
		{8BE398E6-B882-4248-9065-FECC8728E038}.Debug-Clang-SSE2|ARM64.ActiveCfg = Debug-Clang-SSE2|x64
		{8BE398E6-B882-4248-9065-FECC8728E038}.Debug-Clang-SSE2|ARM64.Build.0 = Debug-Clang-SSE2|x64
		{8BE398E6-B882-4248-9065-FECC8728E038}.Debug-Clang-SSE2|x64.ActiveCfg = Debug-Clang-SSE2|x64
		{8BE398E6-B882-4248-9065-FECC8728E038}.Debug-Clang-SSE2|x64.Build.0 = Debug-Clang-SSE2|x64
		{8BE398E6-B882-4248-9065-FECC8728E038}.DebugFast|ARM64.ActiveCfg = DebugFast|x64
		{8BE398E6-B882-4248-9065-FECC8728E038}.DebugFast|ARM64.Build.0 = DebugFast|x64
		{8BE398E6-B882-4248-9065-FECC8728E038}.DebugFast|x64.ActiveCfg = DebugFast|x64
		{8BE398E6-B882-4248-9065-FECC8728E038}.DebugFast|x64.Build.0 = DebugFast|x64
		{8BE398E6-B882-4248-9065-FECC8728E038}.DebugFast-Clang|ARM64.ActiveCfg = DebugFast-Clang|ARM64
		{8BE398E6-B882-4248-9065-FECC8728E038}.DebugFast-Clang|ARM64.Build.0 = DebugFast-Clang|ARM64
		{8BE398E6-B882-4248-9065-FECC8728E038}.DebugFast-Clang|x64.ActiveCfg = DebugFast-Clang|x64
		{8BE398E6-B882-4248-9065-FECC8728E038}.DebugFast-Clang|x64.Build.0 = DebugFast-Clang|x64
		{8BE398E6-B882-4248-9065-FECC8728E038}.Devel-Clang|ARM64.ActiveCfg = Devel-Clang|ARM64
		{8BE398E6-B882-4248-9065-FECC8728E038}.Devel-Clang|ARM64.Build.0 = Devel-Clang|ARM64
		{8BE398E6-B882-4248-9065-FECC8728E038}.Devel-Clang|x64.ActiveCfg = Devel-Clang|x64
		{8BE398E6-B882-4248-9065-FECC8728E038}.Devel-Clang|x64.Build.0 = Devel-Clang|x64
		{8BE398E6-B882-4248-9065-FECC8728E038}.Release|ARM64.ActiveCfg = Release|x64
		{8BE398E6-B882-4248-9065-FECC8728E038}.Release|ARM64.Build.0 = Release|x64
		{8BE398E6-B882-4248-9065-FECC8728E038}.Release|x64.ActiveCfg = Release|x64
		{8BE398E6-B882-4248-9065-FECC8728E038}.Release|x64.Build.0 = Release|x64
		{8BE398E6-B882-4248-9065-FECC8728E038}.Release-Clang|ARM64.ActiveCfg = Release-Clang|ARM64
		{8BE398E6-B882-4248-9065-FECC8728E038}.Release-Clang|ARM64.Build.0 = Release-Clang|ARM64
		{8BE398E6-B882-4248-9065-FECC8728E038}.Release-Clang|x64.ActiveCfg = Release-Clang|x64
		{8BE398E6-B882-4248-9065-FECC8728E038}.Release-Clang|x64.Build.0 = Release-Clang|x64
		{8BE398E6-B882-4248-9065-FECC8728E038}.ReleaseLTCG|ARM64.ActiveCfg = ReleaseLTCG|x64
		{8BE398E6-B882-4248-9065-FECC8728E038}.ReleaseLTCG|ARM64.Build.0 = ReleaseLTCG|x64
		{8BE398E6-B882-4248-9065-FECC8728E038}.ReleaseLTCG|x64.ActiveCfg = ReleaseLTCG|x64
		{8BE398E6-B882-4248-9065-FECC8728E038}.ReleaseLTCG|x64.Build.0 = ReleaseLTCG|x64
		{8BE398E6-B882-4248-9065-FECC8728E038}.ReleaseLTCG-Clang|ARM64.ActiveCfg = ReleaseLTCG-Clang|ARM64
		{8BE398E6-B882-4248-9065-FECC8728E038}.ReleaseLTCG-Clang|ARM64.Build.0 = ReleaseLTCG-Clang|ARM64
		{8BE398E6-B882-4248-9065-FECC8728E038}.ReleaseLTCG-Clang|x64.ActiveCfg = ReleaseLTCG-Clang|x64
		{8BE398E6-B882-4248-9065-FECC8728E038}.ReleaseLTCG-Clang|x64.Build.0 = ReleaseLTCG-Clang|x64
		{8BE398E6-B882-4248-9065-FECC8728E038}.ReleaseLTCG-Clang-SSE2|ARM64.ActiveCfg = ReleaseLTCG-Clang-SSE2|x64
		{8BE398E6-B882-4248-9065-FECC8728E038}.ReleaseLTCG-Clang-SSE2|ARM64.Build.0 = ReleaseLTCG-Clang-SSE2|x64
		{8BE398E6-B882-4248-9065-FECC8728E038}.ReleaseLTCG-Clang-SSE2|x64.ActiveCfg = ReleaseLTCG-Clang-SSE2|x64
		{8BE398E6-B882-4248-9065-FECC8728E038}.ReleaseLTCG-Clang-SSE2|x64.Build.0 = ReleaseLTCG-Clang-SSE2|x64
	EndGlobalSection
	GlobalSection(SolutionProperties) = preSolution
		HideSolutionNode = FALSE
	EndGlobalSection
	GlobalSection(NestedProjects) = preSolution
		{8BE398E6-B882-4248-9065-FECC8728E038} = {02EA681E-C7D8-13C7-8484-4AC65E1B71E8}
	EndGlobalSection
	GlobalSection(ExtensibilityGlobals) = postSolution
		SolutionGuid = {26E40B32-7C1D-48D0-95F4-1A500E054028}
	EndGlobalSection
EndGlobal
