<?xml version="1.0" encoding="utf-8"?>
<Project ToolsVersion="4.0" xmlns="http://schemas.microsoft.com/developer/msbuild/2003">
  <ItemGroup>
    <Filter Include="POSIX">
      <UniqueIdentifier>{cb59942b-24fd-44c3-ac9c-d576dc437761}</UniqueIdentifier>
    </Filter>
    <Filter Include="Windows">
      <UniqueIdentifier>{bbffa978-b707-4a6e-8045-5a3a829f4ae5}</UniqueIdentifier>
    </Filter>
    <Filter Include="HTML5">
      <UniqueIdentifier>{c9332723-fdbe-4b5a-bc82-4763ccb29494}</UniqueIdentifier>
    </Filter>
    <Filter Include="Android">
      <UniqueIdentifier>{2f568b25-4185-4009-8133-476db24d9a39}</UniqueIdentifier>
    </Filter>
    <Filter Include="Sockets">
      <UniqueIdentifier>{2b79817c-6e7d-4fb9-9fa5-090ccf086e4e}</UniqueIdentifier>
    </Filter>
    <Filter Include="Sockets\Generic">
      <UniqueIdentifier>{074d7f7d-bf65-4db4-8a5b-7637dfd5fc47}</UniqueIdentifier>
    </Filter>
  </ItemGroup>
  <ItemGroup>
    <ClInclude Include="YBaseLib\Include\YBaseLib\Barrier.h" />
    <ClInclude Include="YBaseLib\Include\YBaseLib\BinaryBlob.h" />
    <ClInclude Include="YBaseLib\Include\YBaseLib\BinaryReadBuffer.h" />
    <ClInclude Include="YBaseLib\Include\YBaseLib\BinaryReader.h" />
    <ClInclude Include="YBaseLib\Include\YBaseLib\BinaryWriteBuffer.h" />
    <ClInclude Include="YBaseLib\Include\YBaseLib\BinaryWriter.h" />
    <ClInclude Include="YBaseLib\Include\YBaseLib\BitSet.h" />
    <ClInclude Include="YBaseLib\Include\YBaseLib\ByteStream.h" />
    <ClInclude Include="YBaseLib\Include\YBaseLib\CallbackQueue.h" />
    <ClInclude Include="YBaseLib\Include\YBaseLib\CIStringHashTable.h" />
    <ClInclude Include="YBaseLib\Include\YBaseLib\Common.h" />
    <ClInclude Include="YBaseLib\Include\YBaseLib\ConditionVariable.h" />
    <ClInclude Include="YBaseLib\Include\YBaseLib\CPUID.h" />
    <ClInclude Include="YBaseLib\Include\YBaseLib\CRC32.h" />
    <ClInclude Include="YBaseLib\Include\YBaseLib\CString.h" />
    <ClInclude Include="YBaseLib\Include\YBaseLib\Endian.h" />
    <ClInclude Include="YBaseLib\Include\YBaseLib\Error.h" />
    <ClInclude Include="YBaseLib\Include\YBaseLib\Event.h" />
    <ClInclude Include="YBaseLib\Include\YBaseLib\Exception.h" />
    <ClInclude Include="YBaseLib\Include\YBaseLib\FileSystem.h" />
    <ClInclude Include="YBaseLib\Include\YBaseLib\Functor.h" />
    <ClInclude Include="YBaseLib\Include\YBaseLib\HashTable.h" />
    <ClInclude Include="YBaseLib\Include\YBaseLib\HashTrait.h" />
    <ClInclude Include="YBaseLib\Include\YBaseLib\IntrusiveLinkedList.h" />
    <ClInclude Include="YBaseLib\Include\YBaseLib\KeyValuePair.h" />
    <ClInclude Include="YBaseLib\Include\YBaseLib\LinkedList.h" />
    <ClInclude Include="YBaseLib\Include\YBaseLib\Log.h" />
    <ClInclude Include="YBaseLib\Include\YBaseLib\Math.h" />
    <ClInclude Include="YBaseLib\Include\YBaseLib\MD5Digest.h" />
    <ClInclude Include="YBaseLib\Include\YBaseLib\MemArray.h" />
    <ClInclude Include="YBaseLib\Include\YBaseLib\Memory.h" />
    <ClInclude Include="YBaseLib\Include\YBaseLib\Mutex.h" />
    <ClInclude Include="YBaseLib\Include\YBaseLib\MutexLock.h" />
    <ClInclude Include="YBaseLib\Include\YBaseLib\NameTable.h" />
    <ClInclude Include="YBaseLib\Include\YBaseLib\NonCopyable.h" />
    <ClInclude Include="YBaseLib\Include\YBaseLib\NumericLimits.h" />
    <ClInclude Include="YBaseLib\Include\YBaseLib\Pair.h" />
    <ClInclude Include="YBaseLib\Include\YBaseLib\Platform.h" />
    <ClInclude Include="YBaseLib\Include\YBaseLib\PODArray.h" />
    <ClInclude Include="YBaseLib\Include\YBaseLib\ProgressCallbacks.h" />
    <ClInclude Include="YBaseLib\Include\YBaseLib\ReadWriteLock.h" />
    <ClInclude Include="YBaseLib\Include\YBaseLib\RecursiveMutex.h" />
    <ClInclude Include="YBaseLib\Include\YBaseLib\RecursiveMutexLock.h" />
    <ClInclude Include="YBaseLib\Include\YBaseLib\ReferenceCounted.h" />
    <ClInclude Include="YBaseLib\Include\YBaseLib\ReferenceCountedHolder.h" />
    <ClInclude Include="YBaseLib\Include\YBaseLib\Singleton.h" />
    <ClInclude Include="YBaseLib\Include\YBaseLib\String.h" />
    <ClInclude Include="YBaseLib\Include\YBaseLib\StringConverter.h" />
    <ClInclude Include="YBaseLib\Include\YBaseLib\StringHashTable.h" />
    <ClInclude Include="YBaseLib\Include\YBaseLib\StringParser.h" />
    <ClInclude Include="YBaseLib\Include\YBaseLib\Subprocess.h" />
    <ClInclude Include="YBaseLib\Include\YBaseLib\TextReader.h" />
    <ClInclude Include="YBaseLib\Include\YBaseLib\TextWriter.h" />
    <ClInclude Include="YBaseLib\Include\YBaseLib\Thread.h" />
    <ClInclude Include="YBaseLib\Include\YBaseLib\ThreadPool.h" />
    <ClInclude Include="YBaseLib\Include\YBaseLib\Timer.h" />
    <ClInclude Include="YBaseLib\Include\YBaseLib\Timestamp.h" />
    <ClInclude Include="YBaseLib\Include\YBaseLib\XMLReader.h" />
    <ClInclude Include="YBaseLib\Include\YBaseLib\XMLWriter.h" />
    <ClInclude Include="YBaseLib\Include\YBaseLib\ZipArchive.h" />
    <ClInclude Include="YBaseLib\Include\YBaseLib\ZLibHelpers.h" />
    <ClInclude Include="YBaseLib\Include\YBaseLib\AlignedMemArray.h" />
    <ClInclude Include="YBaseLib\Include\YBaseLib\Array.h" />
    <ClInclude Include="YBaseLib\Include\YBaseLib\Assert.h" />
    <ClInclude Include="YBaseLib\Include\YBaseLib\Atomic.h" />
    <ClInclude Include="YBaseLib\Include\YBaseLib\AutoReleasePtr.h" />
    <ClInclude Include="YBaseLib\Include\YBaseLib\Windows\WindowsReadWriteLock.h">
      <Filter>Windows</Filter>
    </ClInclude>
    <ClInclude Include="YBaseLib\Include\YBaseLib\Windows\WindowsRecursiveMutex.h">
      <Filter>Windows</Filter>
    </ClInclude>
    <ClInclude Include="YBaseLib\Include\YBaseLib\Windows\WindowsSubprocess.h">
      <Filter>Windows</Filter>
    </ClInclude>
    <ClInclude Include="YBaseLib\Include\YBaseLib\Windows\WindowsThread.h">
      <Filter>Windows</Filter>
    </ClInclude>
    <ClInclude Include="YBaseLib\Include\YBaseLib\Windows\WindowsBarrier.h">
      <Filter>Windows</Filter>
    </ClInclude>
    <ClInclude Include="YBaseLib\Include\YBaseLib\Windows\WindowsConditionVariable.h">
      <Filter>Windows</Filter>
    </ClInclude>
    <ClInclude Include="YBaseLib\Include\YBaseLib\Windows\WindowsEvent.h">
      <Filter>Windows</Filter>
    </ClInclude>
    <ClInclude Include="YBaseLib\Include\YBaseLib\Windows\WindowsHeaders.h">
      <Filter>Windows</Filter>
    </ClInclude>
    <ClInclude Include="YBaseLib\Include\YBaseLib\Windows\WindowsMutex.h">
      <Filter>Windows</Filter>
    </ClInclude>
    <ClInclude Include="YBaseLib\Include\YBaseLib\POSIX\POSIXReadWriteLock.h">
      <Filter>POSIX</Filter>
    </ClInclude>
    <ClInclude Include="YBaseLib\Include\YBaseLib\POSIX\POSIXRecursiveMutex.h">
      <Filter>POSIX</Filter>
    </ClInclude>
    <ClInclude Include="YBaseLib\Include\YBaseLib\POSIX\POSIXSubprocess.h">
      <Filter>POSIX</Filter>
    </ClInclude>
    <ClInclude Include="YBaseLib\Include\YBaseLib\POSIX\POSIXThread.h">
      <Filter>POSIX</Filter>
    </ClInclude>
    <ClInclude Include="YBaseLib\Include\YBaseLib\POSIX\POSIXBarrier.h">
      <Filter>POSIX</Filter>
    </ClInclude>
    <ClInclude Include="YBaseLib\Include\YBaseLib\POSIX\POSIXConditionVariable.h">
      <Filter>POSIX</Filter>
    </ClInclude>
    <ClInclude Include="YBaseLib\Include\YBaseLib\POSIX\POSIXEvent.h">
      <Filter>POSIX</Filter>
    </ClInclude>
    <ClInclude Include="YBaseLib\Include\YBaseLib\POSIX\POSIXMutex.h">
      <Filter>POSIX</Filter>
    </ClInclude>
    <ClInclude Include="YBaseLib\Include\YBaseLib\HTML5\HTML5Event.h">
      <Filter>HTML5</Filter>
    </ClInclude>
    <ClInclude Include="YBaseLib\Include\YBaseLib\HTML5\HTML5Mutex.h">
      <Filter>HTML5</Filter>
    </ClInclude>
    <ClInclude Include="YBaseLib\Include\YBaseLib\HTML5\HTML5ReadWriteLock.h">
      <Filter>HTML5</Filter>
    </ClInclude>
    <ClInclude Include="YBaseLib\Include\YBaseLib\HTML5\HTML5RecursiveMutex.h">
      <Filter>HTML5</Filter>
    </ClInclude>
    <ClInclude Include="YBaseLib\Include\YBaseLib\HTML5\HTML5Thread.h">
      <Filter>HTML5</Filter>
    </ClInclude>
    <ClInclude Include="YBaseLib\Include\YBaseLib\HTML5\HTML5Barrier.h">
      <Filter>HTML5</Filter>
    </ClInclude>
    <ClInclude Include="YBaseLib\Include\YBaseLib\HTML5\HTML5ConditionVariable.h">
      <Filter>HTML5</Filter>
    </ClInclude>
    <ClInclude Include="YBaseLib\Include\YBaseLib\CircularBuffer.h" />
    <ClInclude Include="YBaseLib\Include\YBaseLib\TaskQueue.h" />
    <ClInclude Include="YBaseLib\Include\YBaseLib\Android\AndroidRecursiveMutex.h">
      <Filter>Android</Filter>
    </ClInclude>
    <ClInclude Include="YBaseLib\Include\YBaseLib\Android\AndroidThread.h">
      <Filter>Android</Filter>
    </ClInclude>
    <ClInclude Include="YBaseLib\Include\YBaseLib\Android\AndroidBarrier.h">
      <Filter>Android</Filter>
    </ClInclude>
    <ClInclude Include="YBaseLib\Include\YBaseLib\Android\AndroidConditionVariable.h">
      <Filter>Android</Filter>
    </ClInclude>
    <ClInclude Include="YBaseLib\Include\YBaseLib\Android\AndroidEvent.h">
      <Filter>Android</Filter>
    </ClInclude>
    <ClInclude Include="YBaseLib\Include\YBaseLib\Android\AndroidMutex.h">
      <Filter>Android</Filter>
    </ClInclude>
    <ClInclude Include="YBaseLib\Include\YBaseLib\Android\AndroidReadWriteLock.h">
      <Filter>Android</Filter>
    </ClInclude>
    <ClInclude Include="YBaseLib\Include\YBaseLib\Sockets\BaseSocket.h">
      <Filter>Sockets</Filter>
    </ClInclude>
    <ClInclude Include="YBaseLib\Include\YBaseLib\Sockets\ListenSocket.h">
      <Filter>Sockets</Filter>
    </ClInclude>
    <ClInclude Include="YBaseLib\Include\YBaseLib\Sockets\SocketAddress.h">
      <Filter>Sockets</Filter>
    </ClInclude>
    <ClInclude Include="YBaseLib\Include\YBaseLib\Sockets\SocketMultiplexer.h">
      <Filter>Sockets</Filter>
    </ClInclude>
    <ClInclude Include="YBaseLib\Include\YBaseLib\Sockets\StreamSocket.h">
      <Filter>Sockets</Filter>
    </ClInclude>
    <ClInclude Include="YBaseLib\Include\YBaseLib\Sockets\Generic\ListenSocket.h">
      <Filter>Sockets\Generic</Filter>
    </ClInclude>
    <ClInclude Include="YBaseLib\Include\YBaseLib\Sockets\Generic\SocketMultiplexer.h">
      <Filter>Sockets\Generic</Filter>
    </ClInclude>
    <ClInclude Include="YBaseLib\Include\YBaseLib\Sockets\Generic\StreamSocket.h">
      <Filter>Sockets\Generic</Filter>
    </ClInclude>
    <ClInclude Include="YBaseLib\Include\YBaseLib\Sockets\Generic\BaseSocket.h">
      <Filter>Sockets\Generic</Filter>
    </ClInclude>
    <ClInclude Include="YBaseLib\Include\YBaseLib\Sockets\Common.h">
      <Filter>Sockets</Filter>
    </ClInclude>
    <ClInclude Include="YBaseLib\Include\YBaseLib\Sockets\SystemHeaders.h">
      <Filter>Sockets</Filter>
    </ClInclude>
    <ClInclude Include="YBaseLib\Include\YBaseLib\Sockets\Generic\BufferedStreamSocket.h">
      <Filter>Sockets\Generic</Filter>
    </ClInclude>
    <ClInclude Include="YBaseLib\Include\YBaseLib\Sockets\BufferedStreamSocket.h">
      <Filter>Sockets</Filter>
    </ClInclude>
  </ItemGroup>
  <ItemGroup>
    <ClCompile Include="YBaseLib\Source\YBaseLib\HTML5\HTML5FileSystem.cpp">
      <Filter>HTML5</Filter>
    </ClCompile>
    <ClCompile Include="YBaseLib\Source\YBaseLib\HTML5\HTML5Platform.cpp">
      <Filter>HTML5</Filter>
    </ClCompile>
    <ClCompile Include="YBaseLib\Source\YBaseLib\HTML5\HTML5ReadWriteLock.cpp">
      <Filter>HTML5</Filter>
    </ClCompile>
    <ClCompile Include="YBaseLib\Source\YBaseLib\HTML5\HTML5Thread.cpp">
      <Filter>HTML5</Filter>
    </ClCompile>
    <ClCompile Include="YBaseLib\Source\YBaseLib\HTML5\HTML5Barrier.cpp">
      <Filter>HTML5</Filter>
    </ClCompile>
    <ClCompile Include="YBaseLib\Source\YBaseLib\HTML5\HTML5ConditionVariable.cpp">
      <Filter>HTML5</Filter>
    </ClCompile>
    <ClCompile Include="YBaseLib\Source\YBaseLib\POSIX\POSIXFileSystem.cpp">
      <Filter>POSIX</Filter>
    </ClCompile>
    <ClCompile Include="YBaseLib\Source\YBaseLib\POSIX\POSIXPlatform.cpp">
      <Filter>POSIX</Filter>
    </ClCompile>
    <ClCompile Include="YBaseLib\Source\YBaseLib\POSIX\POSIXReadWriteLock.cpp">
      <Filter>POSIX</Filter>
    </ClCompile>
    <ClCompile Include="YBaseLib\Source\YBaseLib\POSIX\POSIXSubprocess.cpp">
      <Filter>POSIX</Filter>
    </ClCompile>
    <ClCompile Include="YBaseLib\Source\YBaseLib\POSIX\POSIXThread.cpp">
      <Filter>POSIX</Filter>
    </ClCompile>
    <ClCompile Include="YBaseLib\Source\YBaseLib\POSIX\POSIXBarrier.cpp">
      <Filter>POSIX</Filter>
    </ClCompile>
    <ClCompile Include="YBaseLib\Source\YBaseLib\POSIX\POSIXConditionVariable.cpp">
      <Filter>POSIX</Filter>
    </ClCompile>
    <ClCompile Include="YBaseLib\Source\YBaseLib\Windows\WindowsReadWriteLock.cpp">
      <Filter>Windows</Filter>
    </ClCompile>
    <ClCompile Include="YBaseLib\Source\YBaseLib\Windows\WindowsSubprocess.cpp">
      <Filter>Windows</Filter>
    </ClCompile>
    <ClCompile Include="YBaseLib\Source\YBaseLib\Windows\WindowsThread.cpp">
      <Filter>Windows</Filter>
    </ClCompile>
    <ClCompile Include="YBaseLib\Source\YBaseLib\Windows\WindowsBarrier.cpp">
      <Filter>Windows</Filter>
    </ClCompile>
    <ClCompile Include="YBaseLib\Source\YBaseLib\Windows\WindowsConditionVariable.cpp">
      <Filter>Windows</Filter>
    </ClCompile>
    <ClCompile Include="YBaseLib\Source\YBaseLib\Windows\WindowsFileSystem.cpp">
      <Filter>Windows</Filter>
    </ClCompile>
    <ClCompile Include="YBaseLib\Source\YBaseLib\Windows\WindowsPlatform.cpp">
      <Filter>Windows</Filter>
    </ClCompile>
    <ClCompile Include="YBaseLib\Source\YBaseLib\NameTable.cpp" />
    <ClCompile Include="YBaseLib\Source\YBaseLib\NumericLimits.cpp" />
    <ClCompile Include="YBaseLib\Source\YBaseLib\ProgressCallbacks.cpp" />
    <ClCompile Include="YBaseLib\Source\YBaseLib\ReferenceCounted.cpp" />
    <ClCompile Include="YBaseLib\Source\YBaseLib\String.cpp" />
    <ClCompile Include="YBaseLib\Source\YBaseLib\StringConverter.cpp" />
    <ClCompile Include="YBaseLib\Source\YBaseLib\StringParser.cpp" />
    <ClCompile Include="YBaseLib\Source\YBaseLib\TextReader.cpp" />
    <ClCompile Include="YBaseLib\Source\YBaseLib\TextWriter.cpp" />
    <ClCompile Include="YBaseLib\Source\YBaseLib\ThreadPool.cpp" />
    <ClCompile Include="YBaseLib\Source\YBaseLib\Timer.cpp" />
    <ClCompile Include="YBaseLib\Source\YBaseLib\Timestamp.cpp" />
    <ClCompile Include="YBaseLib\Source\YBaseLib\XMLReader.cpp" />
    <ClCompile Include="YBaseLib\Source\YBaseLib\XMLWriter.cpp" />
    <ClCompile Include="YBaseLib\Source\YBaseLib\ZipArchive.cpp" />
    <ClCompile Include="YBaseLib\Source\YBaseLib\ZLibHelpers.cpp" />
    <ClCompile Include="YBaseLib\Source\YBaseLib\Assert.cpp" />
    <ClCompile Include="YBaseLib\Source\YBaseLib\Atomic.cpp" />
    <ClCompile Include="YBaseLib\Source\YBaseLib\BinaryBlob.cpp" />
    <ClCompile Include="YBaseLib\Source\YBaseLib\BinaryReadBuffer.cpp" />
    <ClCompile Include="YBaseLib\Source\YBaseLib\BinaryReader.cpp" />
    <ClCompile Include="YBaseLib\Source\YBaseLib\BinaryWriteBuffer.cpp" />
    <ClCompile Include="YBaseLib\Source\YBaseLib\BinaryWriter.cpp" />
    <ClCompile Include="YBaseLib\Source\YBaseLib\ByteStream.cpp" />
    <ClCompile Include="YBaseLib\Source\YBaseLib\CallbackQueue.cpp" />
    <ClCompile Include="YBaseLib\Source\YBaseLib\CPUID.cpp" />
    <ClCompile Include="YBaseLib\Source\YBaseLib\CRC32.cpp" />
    <ClCompile Include="YBaseLib\Source\YBaseLib\CString.cpp" />
    <ClCompile Include="YBaseLib\Source\YBaseLib\Endian.cpp" />
    <ClCompile Include="YBaseLib\Source\YBaseLib\Error.cpp" />
    <ClCompile Include="YBaseLib\Source\YBaseLib\Exception.cpp" />
    <ClCompile Include="YBaseLib\Source\YBaseLib\FileSystem.cpp" />
    <ClCompile Include="YBaseLib\Source\YBaseLib\HashTrait.cpp" />
    <ClCompile Include="YBaseLib\Source\YBaseLib\Log.cpp" />
    <ClCompile Include="YBaseLib\Source\YBaseLib\Math.cpp" />
    <ClCompile Include="YBaseLib\Source\YBaseLib\MD5Digest.cpp" />
    <ClCompile Include="YBaseLib\Source\YBaseLib\Memory.cpp" />
    <ClCompile Include="YBaseLib\Source\YBaseLib\CircularBuffer.cpp" />
    <ClCompile Include="YBaseLib\Source\YBaseLib\TaskQueue.cpp" />
    <ClCompile Include="YBaseLib\Source\YBaseLib\Android\AndroidPlatform.cpp">
      <Filter>Android</Filter>
    </ClCompile>
    <ClCompile Include="YBaseLib\Source\YBaseLib\Android\AndroidReadWriteLock.cpp">
      <Filter>Android</Filter>
    </ClCompile>
    <ClCompile Include="YBaseLib\Source\YBaseLib\Android\AndroidThread.cpp">
      <Filter>Android</Filter>
    </ClCompile>
    <ClCompile Include="YBaseLib\Source\YBaseLib\Android\AndroidBarrier.cpp">
      <Filter>Android</Filter>
    </ClCompile>
    <ClCompile Include="YBaseLib\Source\YBaseLib\Android\AndroidConditionVariable.cpp">
      <Filter>Android</Filter>
    </ClCompile>
    <ClCompile Include="YBaseLib\Source\YBaseLib\Android\AndroidFileSystem.cpp">
      <Filter>Android</Filter>
    </ClCompile>
    <ClCompile Include="YBaseLib\Source\YBaseLib\Sockets\Generic\StreamSocket.cpp">
      <Filter>Sockets\Generic</Filter>
    </ClCompile>
    <ClCompile Include="YBaseLib\Source\YBaseLib\Sockets\Generic\ListenSocket.cpp">
      <Filter>Sockets\Generic</Filter>
    </ClCompile>
    <ClCompile Include="YBaseLib\Source\YBaseLib\Sockets\Generic\SocketMultiplexer.cpp">
      <Filter>Sockets\Generic</Filter>
    </ClCompile>
    <ClCompile Include="YBaseLib\Source\YBaseLib\Sockets\SocketAddress.cpp">
      <Filter>Sockets</Filter>
    </ClCompile>
    <ClCompile Include="YBaseLib\Source\YBaseLib\Sockets\Generic\BufferedStreamSocket.cpp">
      <Filter>Sockets\Generic</Filter>
    </ClCompile>
  </ItemGroup>
</Project>